
Microsoft Visual Studio Solution File, Format Version 12.00
# Visual Studio 15
VisualStudioVersion = 15.0.27428.2015
MinimumVisualStudioVersion = 10.0.40219.1
Project("{FAE04EC0-301F-11D3-BF4B-00C04F79EFBC}") = "WindowsFormsApp5", "WindowsFormsApp5\WindowsFormsApp5.csproj", "{D7929EA4-301A-451A-B0DC-1E0F7B24FFB8}"
EndProject
Global
	GlobalSection(SolutionConfigurationPlatforms) = preSolution
		Debug|Any CPU = Debug|Any CPU
		Release|Any CPU = Release|Any CPU
	EndGlobalSection
	GlobalSection(ProjectConfigurationPlatforms) = postSolution
		{D7929EA4-301A-451A-B0DC-1E0F7B24FFB8}.Debug|Any CPU.ActiveCfg = Debug|Any CPU
		{D7929EA4-301A-451A-B0DC-1E0F7B24FFB8}.Debug|Any CPU.Build.0 = Debug|Any CPU
		{D7929EA4-301A-451A-B0DC-1E0F7B24FFB8}.Release|Any CPU.ActiveCfg = Release|Any CPU
		{D7929EA4-301A-451A-B0DC-1E0F7B24FFB8}.Release|Any CPU.Build.0 = Release|Any CPU
	EndGlobalSection
	GlobalSection(SolutionProperties) = preSolution
		HideSolutionNode = FALSE
	EndGlobalSection
	GlobalSection(ExtensibilityGlobals) = postSolution
		SolutionGuid = {B2200D4D-B20B-49DC-B07A-1F37F06F0392}
	EndGlobalSection
EndGlobal
