
Microsoft Visual Studio Solution File, Format Version 12.00
# Visual Studio 15
VisualStudioVersion = 15.0.27428.2015
MinimumVisualStudioVersion = 10.0.40219.1
Project("{FAE04EC0-301F-11D3-BF4B-00C04F79EFBC}") = "WpfApp1", "WpfApp1\WpfApp1.csproj", "{A75967AE-C090-484A-968E-DD3B8695B0FC}"
EndProject
Global
	GlobalSection(SolutionConfigurationPlatforms) = preSolution
		Debug|Any CPU = Debug|Any CPU
		Release|Any CPU = Release|Any CPU
	EndGlobalSection
	GlobalSection(ProjectConfigurationPlatforms) = postSolution
		{A75967AE-C090-484A-968E-DD3B8695B0FC}.Debug|Any CPU.ActiveCfg = Debug|Any CPU
		{A75967AE-C090-484A-968E-DD3B8695B0FC}.Debug|Any CPU.Build.0 = Debug|Any CPU
		{A75967AE-C090-484A-968E-DD3B8695B0FC}.Release|Any CPU.ActiveCfg = Release|Any CPU
		{A75967AE-C090-484A-968E-DD3B8695B0FC}.Release|Any CPU.Build.0 = Release|Any CPU
	EndGlobalSection
	GlobalSection(SolutionProperties) = preSolution
		HideSolutionNode = FALSE
	EndGlobalSection
	GlobalSection(ExtensibilityGlobals) = postSolution
		SolutionGuid = {5985AD79-AB9F-4951-A696-CA2218332DDE}
	EndGlobalSection
EndGlobal
