
Microsoft Visual Studio Solution File, Format Version 12.00
# Visual Studio 15
VisualStudioVersion = 15.0.27428.2015
MinimumVisualStudioVersion = 10.0.40219.1
Project("{FAE04EC0-301F-11D3-BF4B-00C04F79EFBC}") = "ConsoleApp4", "ConsoleApp4\ConsoleApp4.csproj", "{14914BCA-DCB2-4EF4-B9FB-2C56A30726BC}"
EndProject
Global
	GlobalSection(SolutionConfigurationPlatforms) = preSolution
		Debug|Any CPU = Debug|Any CPU
		Release|Any CPU = Release|Any CPU
	EndGlobalSection
	GlobalSection(ProjectConfigurationPlatforms) = postSolution
		{14914BCA-DCB2-4EF4-B9FB-2C56A30726BC}.Debug|Any CPU.ActiveCfg = Debug|Any CPU
		{14914BCA-DCB2-4EF4-B9FB-2C56A30726BC}.Debug|Any CPU.Build.0 = Debug|Any CPU
		{14914BCA-DCB2-4EF4-B9FB-2C56A30726BC}.Release|Any CPU.ActiveCfg = Release|Any CPU
		{14914BCA-DCB2-4EF4-B9FB-2C56A30726BC}.Release|Any CPU.Build.0 = Release|Any CPU
	EndGlobalSection
	GlobalSection(SolutionProperties) = preSolution
		HideSolutionNode = FALSE
	EndGlobalSection
	GlobalSection(ExtensibilityGlobals) = postSolution
		SolutionGuid = {C30B24F9-EA62-42B9-B34D-DBDCDDA27C23}
	EndGlobalSection
EndGlobal
